{
  "name": "tankup-scripts",
  "version": "1.0.0",
  "lockfileVersion": 3,
  "requires": true,
  "packages": {
    "": {
      "name": "tankup-scripts",
      "version": "1.0.0",
      "devDependencies": {
        "pgsql-parser": "^18.2.8"
      }
    },
    "node_modules/@pgsql/quotes": {
      "version": "18.2.4",
      "resolved": "https://registry.npmjs.org/@pgsql/quotes/-/quotes-18.2.4.tgz",
      "integrity": "sha512-muCDdPu/bM/f9d7IquBNfkMgiRPehv6vvjdhSMxXeVKwJKPX9xIscDu11ju15s7UeEXoWntE8zrSaR9wQ9wgCg==",
      "dev": true,
      "license": "MIT"
    },
    "node_modules/@pgsql/types": {
      "version": "18.0.0",
      "resolved": "https://registry.npmjs.org/@pgsql/types/-/types-18.0.0.tgz",
      "integrity": "sha512-jtAY4JU7jdVYZ/Vv3zlZqVP+FRWZokyCLKPPCnAApiaJAElpyyiMC3HRiquBu29kSrVs+rkqZD50SUIb/zyEGw==",
      "dev": true,
      "license": "MIT"
    },
    "node_modules/libpg-query": {
      "version": "18.1.5",
      "resolved": "https://registry.npmjs.org/libpg-query/-/libpg-query-18.1.5.tgz",
      "integrity": "sha512-xsksgH106LyVUylIp2bJz1MPFmVVIGKbB8belGWmh+J8/i38w8eM1twDIBnd97tzeNQFctH9MWKMthl22+fWcQ==",
      "dev": true,
      "license": "MIT",
      "dependencies": {
        "@pgsql/types": "^18.0.0"
      }
    },
    "node_modules/pgsql-deparser": {
      "version": "18.3.8",
      "resolved": "https://registry.npmjs.org/pgsql-deparser/-/pgsql-deparser-18.3.8.tgz",
      "integrity": "sha512-/q26n9UumKXxN7UuBEpxS8+kSUfZcHBk3u1LQ2hVm1IoGMFN9bk2GmRBugIWrDbPrs8+uskEgPOcezxcA6t0ww==",
      "dev": true,
      "license": "MIT",
      "dependencies": {
        "@pgsql/quotes": "18.2.4",
        "@pgsql/types": "^18.0.0"
      }
    },
    "node_modules/pgsql-parser": {
      "version": "18.2.8",
      "resolved": "https://registry.npmjs.org/pgsql-parser/-/pgsql-parser-18.2.8.tgz",
      "integrity": "sha512-3VnjwhKHAIWCpy0SKmjMQ2f1laAtZKmLN4tU+1M/QppGk+Qn3Y/YKHca5WdMgMiHwst0LA+KqK4JBK55Npg/ZQ==",
      "dev": true,
      "license": "MIT",
      "dependencies": {
        "@pgsql/types": "^18.0.0",
        "libpg-query": "18.1.5",
        "pgsql-deparser": "18.3.8"
      }
    }
  }
}
